
Microsoft Visual Studio Solution File, Format Version 12.00
# Visual Studio 2017
Project("{FAE04EC0-301F-11D3-BF4B-00C04F79EFBC}") = "learning-unity.Plugins", "learning-unity.Plugins.csproj", "{13E3F11B-D281-D355-FF48-F1BB5A78CCF0}"
EndProject
Project("{FAE04EC0-301F-11D3-BF4B-00C04F79EFBC}") = "learning-unity.Editor.Plugins", "learning-unity.Editor.Plugins.csproj", "{31832CC3-683D-924F-11E7-CAA0FFF2EEE4}"
EndProject
Global
	GlobalSection(SolutionConfigurationPlatforms) = preSolution
		Debug|Any CPU = Debug|Any CPU
		Release|Any CPU = Release|Any CPU
	EndGlobalSection
	GlobalSection(ProjectConfigurationPlatforms) = postSolution
		{13E3F11B-D281-D355-FF48-F1BB5A78CCF0}.Debug|Any CPU.ActiveCfg = Debug|Any CPU
		{13E3F11B-D281-D355-FF48-F1BB5A78CCF0}.Debug|Any CPU.Build.0 = Debug|Any CPU
		{13E3F11B-D281-D355-FF48-F1BB5A78CCF0}.Release|Any CPU.ActiveCfg = Release|Any CPU
		{13E3F11B-D281-D355-FF48-F1BB5A78CCF0}.Release|Any CPU.Build.0 = Release|Any CPU
		{31832CC3-683D-924F-11E7-CAA0FFF2EEE4}.Debug|Any CPU.ActiveCfg = Debug|Any CPU
		{31832CC3-683D-924F-11E7-CAA0FFF2EEE4}.Debug|Any CPU.Build.0 = Debug|Any CPU
		{31832CC3-683D-924F-11E7-CAA0FFF2EEE4}.Release|Any CPU.ActiveCfg = Release|Any CPU
		{31832CC3-683D-924F-11E7-CAA0FFF2EEE4}.Release|Any CPU.Build.0 = Release|Any CPU
	EndGlobalSection
	GlobalSection(SolutionProperties) = preSolution
		HideSolutionNode = FALSE
	EndGlobalSection
EndGlobal
